Microsoft Visual Studio Solution File, Format Version 12.00
# Visual Studio 15
VisualStudioVersion = 15.0.28307.329
MinimumVisualStudioVersion = 10.0.40219.1
Project("{FAE04EC0-301F-11D3-BF4B-00C04F79EFBC}") = "DesktopPet", "DesktopPet.csproj", "{87663C46-C416-4AED-971B-7A16624C1F1D}"
EndProject
Project("{C7167F0D-BC9F-4E6E-AFE1-012C56B48DB5}") = "UWPSheep", "UWPSheep\UWPSheep.wapproj", "{99BC8CCC-5964-4AC0-98CD-5C2B8BFD2D80}"
EndProject
Project("{FAE04EC0-301F-11D3-BF4B-00C04F79EFBC}") = "AppWins", "AppWins\AppWins.csproj", "{1F2CE52E-2521-4181-8939-0E8CE00222E6}"
EndProject
Project("{9A19103F-16F7-4668-BE54-9A1E7A4F7556}") = "LocalData", "LocalData\LocalData.csproj", "{E95D998F-DF30-4C58-8FE7-EF10374D8AC5}"
EndProject
Global
	GlobalSection(SolutionConfigurationPlatforms) = preSolution
		Debug|Any CPU = Debug|Any CPU
		Debug|ARM = Debug|ARM
		Debug|ARM64 = Debug|ARM64
		Debug|x64 = Debug|x64
		Debug|x86 = Debug|x86
		Release|Any CPU = Release|Any CPU
		Release|ARM = Release|ARM
		Release|ARM64 = Release|ARM64
		Release|x64 = Release|x64
		Release|x86 = Release|x86
	EndGlobalSection
	GlobalSection(ProjectConfigurationPlatforms) = postSolution
		{87663C46-C416-4AED-971B-7A16624C1F1D}.Debug|Any CPU.ActiveCfg = Debug|Any CPU
		{87663C46-C416-4AED-971B-7A16624C1F1D}.Debug|ARM.ActiveCfg = Debug|Any CPU
		{87663C46-C416-4AED-971B-7A16624C1F1D}.Debug|ARM.Build.0 = Debug|Any CPU
		{87663C46-C416-4AED-971B-7A16624C1F1D}.Debug|ARM64.ActiveCfg = Debug|Any CPU
		{87663C46-C416-4AED-971B-7A16624C1F1D}.Debug|ARM64.Build.0 = Debug|Any CPU
		{87663C46-C416-4AED-971B-7A16624C1F1D}.Debug|x64.ActiveCfg = Debug|x86
		{87663C46-C416-4AED-971B-7A16624C1F1D}.Debug|x86.ActiveCfg = Debug|x86
		{87663C46-C416-4AED-971B-7A16624C1F1D}.Debug|x86.Build.0 = Debug|x86
		{87663C46-C416-4AED-971B-7A16624C1F1D}.Release|Any CPU.ActiveCfg = Release|x86
		{87663C46-C416-4AED-971B-7A16624C1F1D}.Release|ARM.ActiveCfg = Release|Any CPU
		{87663C46-C416-4AED-971B-7A16624C1F1D}.Release|ARM.Build.0 = Release|Any CPU
		{87663C46-C416-4AED-971B-7A16624C1F1D}.Release|ARM64.ActiveCfg = Release|Any CPU
		{87663C46-C416-4AED-971B-7A16624C1F1D}.Release|ARM64.Build.0 = Release|Any CPU
		{87663C46-C416-4AED-971B-7A16624C1F1D}.Release|x64.ActiveCfg = Release|x86
		{87663C46-C416-4AED-971B-7A16624C1F1D}.Release|x86.ActiveCfg = Release|x86
		{87663C46-C416-4AED-971B-7A16624C1F1D}.Release|x86.Build.0 = Release|x86
		{99BC8CCC-5964-4AC0-98CD-5C2B8BFD2D80}.Debug|Any CPU.ActiveCfg = Debug|Any CPU
		{99BC8CCC-5964-4AC0-98CD-5C2B8BFD2D80}.Debug|Any CPU.Build.0 = Debug|Any CPU
		{99BC8CCC-5964-4AC0-98CD-5C2B8BFD2D80}.Debug|Any CPU.Deploy.0 = Debug|Any CPU
		{99BC8CCC-5964-4AC0-98CD-5C2B8BFD2D80}.Debug|ARM.ActiveCfg = Debug|Any CPU
		{99BC8CCC-5964-4AC0-98CD-5C2B8BFD2D80}.Debug|ARM.Build.0 = Debug|Any CPU
		{99BC8CCC-5964-4AC0-98CD-5C2B8BFD2D80}.Debug|ARM.Deploy.0 = Debug|Any CPU
		{99BC8CCC-5964-4AC0-98CD-5C2B8BFD2D80}.Debug|ARM64.ActiveCfg = Debug|Any CPU
		{99BC8CCC-5964-4AC0-98CD-5C2B8BFD2D80}.Debug|ARM64.Build.0 = Debug|Any CPU
		{99BC8CCC-5964-4AC0-98CD-5C2B8BFD2D80}.Debug|ARM64.Deploy.0 = Debug|Any CPU
		{99BC8CCC-5964-4AC0-98CD-5C2B8BFD2D80}.Debug|x64.ActiveCfg = Debug|x64
		{99BC8CCC-5964-4AC0-98CD-5C2B8BFD2D80}.Debug|x64.Build.0 = Debug|x64
		{99BC8CCC-5964-4AC0-98CD-5C2B8BFD2D80}.Debug|x64.Deploy.0 = Debug|x64
		{99BC8CCC-5964-4AC0-98CD-5C2B8BFD2D80}.Debug|x86.ActiveCfg = Debug|x86
		{99BC8CCC-5964-4AC0-98CD-5C2B8BFD2D80}.Debug|x86.Build.0 = Debug|x86
		{99BC8CCC-5964-4AC0-98CD-5C2B8BFD2D80}.Debug|x86.Deploy.0 = Debug|x86
		{99BC8CCC-5964-4AC0-98CD-5C2B8BFD2D80}.Release|Any CPU.ActiveCfg = Release|Any CPU
		{99BC8CCC-5964-4AC0-98CD-5C2B8BFD2D80}.Release|Any CPU.Build.0 = Release|Any CPU
		{99BC8CCC-5964-4AC0-98CD-5C2B8BFD2D80}.Release|Any CPU.Deploy.0 = Release|Any CPU
		{99BC8CCC-5964-4AC0-98CD-5C2B8BFD2D80}.Release|ARM.ActiveCfg = Release|Any CPU
		{99BC8CCC-5964-4AC0-98CD-5C2B8BFD2D80}.Release|ARM.Build.0 = Release|Any CPU
		{99BC8CCC-5964-4AC0-98CD-5C2B8BFD2D80}.Release|ARM.Deploy.0 = Release|Any CPU
		{99BC8CCC-5964-4AC0-98CD-5C2B8BFD2D80}.Release|ARM64.ActiveCfg = Release|Any CPU
		{99BC8CCC-5964-4AC0-98CD-5C2B8BFD2D80}.Release|ARM64.Build.0 = Release|Any CPU
		{99BC8CCC-5964-4AC0-98CD-5C2B8BFD2D80}.Release|ARM64.Deploy.0 = Release|Any CPU
		{99BC8CCC-5964-4AC0-98CD-5C2B8BFD2D80}.Release|x64.ActiveCfg = Release|x64
		{99BC8CCC-5964-4AC0-98CD-5C2B8BFD2D80}.Release|x64.Build.0 = Release|x64
		{99BC8CCC-5964-4AC0-98CD-5C2B8BFD2D80}.Release|x64.Deploy.0 = Release|x64
		{99BC8CCC-5964-4AC0-98CD-5C2B8BFD2D80}.Release|x86.ActiveCfg = Release|x86
		{99BC8CCC-5964-4AC0-98CD-5C2B8BFD2D80}.Release|x86.Build.0 = Release|x86
		{99BC8CCC-5964-4AC0-98CD-5C2B8BFD2D80}.Release|x86.Deploy.0 = Release|x86
		{1F2CE52E-2521-4181-8939-0E8CE00222E6}.Debug|Any CPU.ActiveCfg = Debug|x86
		{1F2CE52E-2521-4181-8939-0E8CE00222E6}.Debug|ARM.ActiveCfg = Debug|ARM
		{1F2CE52E-2521-4181-8939-0E8CE00222E6}.Debug|ARM.Build.0 = Debug|ARM
		{1F2CE52E-2521-4181-8939-0E8CE00222E6}.Debug|ARM.Deploy.0 = Debug|ARM
		{1F2CE52E-2521-4181-8939-0E8CE00222E6}.Debug|ARM64.ActiveCfg = Debug|ARM64
		{1F2CE52E-2521-4181-8939-0E8CE00222E6}.Debug|ARM64.Build.0 = Debug|ARM64
		{1F2CE52E-2521-4181-8939-0E8CE00222E6}.Debug|ARM64.Deploy.0 = Debug|ARM64
		{1F2CE52E-2521-4181-8939-0E8CE00222E6}.Debug|x64.ActiveCfg = Debug|x64
		{1F2CE52E-2521-4181-8939-0E8CE00222E6}.Debug|x64.Build.0 = Debug|x64
		{1F2CE52E-2521-4181-8939-0E8CE00222E6}.Debug|x64.Deploy.0 = Debug|x64
		{1F2CE52E-2521-4181-8939-0E8CE00222E6}.Debug|x86.ActiveCfg = Debug|x86
		{1F2CE52E-2521-4181-8939-0E8CE00222E6}.Debug|x86.Build.0 = Debug|x86
		{1F2CE52E-2521-4181-8939-0E8CE00222E6}.Debug|x86.Deploy.0 = Debug|x86
		{1F2CE52E-2521-4181-8939-0E8CE00222E6}.Release|Any CPU.ActiveCfg = Release|x86
		{1F2CE52E-2521-4181-8939-0E8CE00222E6}.Release|ARM.ActiveCfg = Release|ARM
		{1F2CE52E-2521-4181-8939-0E8CE00222E6}.Release|ARM.Build.0 = Release|ARM
		{1F2CE52E-2521-4181-8939-0E8CE00222E6}.Release|ARM.Deploy.0 = Release|ARM
		{1F2CE52E-2521-4181-8939-0E8CE00222E6}.Release|ARM64.ActiveCfg = Release|ARM64
		{1F2CE52E-2521-4181-8939-0E8CE00222E6}.Release|ARM64.Build.0 = Release|ARM64
		{1F2CE52E-2521-4181-8939-0E8CE00222E6}.Release|ARM64.Deploy.0 = Release|ARM64
		{1F2CE52E-2521-4181-8939-0E8CE00222E6}.Release|x64.ActiveCfg = Release|x64
		{1F2CE52E-2521-4181-8939-0E8CE00222E6}.Release|x64.Build.0 = Release|x64
		{1F2CE52E-2521-4181-8939-0E8CE00222E6}.Release|x64.Deploy.0 = Release|x64
		{1F2CE52E-2521-4181-8939-0E8CE00222E6}.Release|x86.ActiveCfg = Release|x86
		{1F2CE52E-2521-4181-8939-0E8CE00222E6}.Release|x86.Build.0 = Release|x86
		{1F2CE52E-2521-4181-8939-0E8CE00222E6}.Release|x86.Deploy.0 = Release|x86
		{E95D998F-DF30-4C58-8FE7-EF10374D8AC5}.Debug|Any CPU.ActiveCfg = Debug|Any CPU
		{E95D998F-DF30-4C58-8FE7-EF10374D8AC5}.Debug|Any CPU.Build.0 = Debug|Any CPU
		{E95D998F-DF30-4C58-8FE7-EF10374D8AC5}.Debug|ARM.ActiveCfg = Debug|Any CPU
		{E95D998F-DF30-4C58-8FE7-EF10374D8AC5}.Debug|ARM.Build.0 = Debug|Any CPU
		{E95D998F-DF30-4C58-8FE7-EF10374D8AC5}.Debug|ARM64.ActiveCfg = Debug|Any CPU
		{E95D998F-DF30-4C58-8FE7-EF10374D8AC5}.Debug|ARM64.Build.0 = Debug|Any CPU
		{E95D998F-DF30-4C58-8FE7-EF10374D8AC5}.Debug|x64.ActiveCfg = Debug|Any CPU
		{E95D998F-DF30-4C58-8FE7-EF10374D8AC5}.Debug|x64.Build.0 = Debug|Any CPU
		{E95D998F-DF30-4C58-8FE7-EF10374D8AC5}.Debug|x86.ActiveCfg = Debug|Any CPU
		{E95D998F-DF30-4C58-8FE7-EF10374D8AC5}.Debug|x86.Build.0 = Debug|Any CPU
		{E95D998F-DF30-4C58-8FE7-EF10374D8AC5}.Release|Any CPU.ActiveCfg = Release|Any CPU
		{E95D998F-DF30-4C58-8FE7-EF10374D8AC5}.Release|Any CPU.Build.0 = Release|Any CPU
		{E95D998F-DF30-4C58-8FE7-EF10374D8AC5}.Release|ARM.ActiveCfg = Release|Any CPU
		{E95D998F-DF30-4C58-8FE7-EF10374D8AC5}.Release|ARM.Build.0 = Release|Any CPU
		{E95D998F-DF30-4C58-8FE7-EF10374D8AC5}.Release|ARM64.ActiveCfg = Release|Any CPU
		{E95D998F-DF30-4C58-8FE7-EF10374D8AC5}.Release|ARM64.Build.0 = Release|Any CPU
		{E95D998F-DF30-4C58-8FE7-EF10374D8AC5}.Release|x64.ActiveCfg = Release|Any CPU
		{E95D998F-DF30-4C58-8FE7-EF10374D8AC5}.Release|x64.Build.0 = Release|Any CPU
		{E95D998F-DF30-4C58-8FE7-EF10374D8AC5}.Release|x86.ActiveCfg = Release|Any CPU
		{E95D998F-DF30-4C58-8FE7-EF10374D8AC5}.Release|x86.Build.0 = Release|Any CPU
	EndGlobalSection
	GlobalSection(SolutionProperties) = preSolution
		HideSolutionNode = FALSE
	EndGlobalSection
	GlobalSection(ExtensibilityGlobals) = postSolution
		SolutionGuid = {F3D4D82E-8E80-4B9C-9B7D-C4175B9C30FA}
	EndGlobalSection
EndGlobal
